
Microsoft Visual Studio Solution File, Format Version 12.00
# Visual Studio Version 17
VisualStudioVersion = 17.9.34723.18
MinimumVisualStudioVersion = 10.0.40219.1
Project("{9A19103F-16F7-4668-BE54-9A1E7A4F7556}") = "blockChainManager", "blockChainManager\blockChainManager.csproj", "{485F3592-9A0A-44FD-9DFE-AD01B32A6130}"
EndProject
Project("{FAE04EC0-301F-11D3-BF4B-00C04F79EFBC}") = "blockChainManagerTests", "blockChainManagerTests\blockChainManagerTests.csproj", "{8CBCC21B-4842-412C-866E-EC3E607B611C}"
EndProject
Global
	GlobalSection(SolutionConfigurationPlatforms) = preSolution
		Debug|Any CPU = Debug|Any CPU
		Release|Any CPU = Release|Any CPU
	EndGlobalSection
	GlobalSection(ProjectConfigurationPlatforms) = postSolution
		{485F3592-9A0A-44FD-9DFE-AD01B32A6130}.Debug|Any CPU.ActiveCfg = Debug|Any CPU
		{485F3592-9A0A-44FD-9DFE-AD01B32A6130}.Debug|Any CPU.Build.0 = Debug|Any CPU
		{485F3592-9A0A-44FD-9DFE-AD01B32A6130}.Release|Any CPU.ActiveCfg = Release|Any CPU
		{485F3592-9A0A-44FD-9DFE-AD01B32A6130}.Release|Any CPU.Build.0 = Release|Any CPU
		{8CBCC21B-4842-412C-866E-EC3E607B611C}.Debug|Any CPU.ActiveCfg = Debug|Any CPU
		{8CBCC21B-4842-412C-866E-EC3E607B611C}.Debug|Any CPU.Build.0 = Debug|Any CPU
		{8CBCC21B-4842-412C-866E-EC3E607B611C}.Release|Any CPU.ActiveCfg = Release|Any CPU
		{8CBCC21B-4842-412C-866E-EC3E607B611C}.Release|Any CPU.Build.0 = Release|Any CPU
	EndGlobalSection
	GlobalSection(SolutionProperties) = preSolution
		HideSolutionNode = FALSE
	EndGlobalSection
	GlobalSection(ExtensibilityGlobals) = postSolution
		SolutionGuid = {870F1069-CADE-461D-8310-33F97C2AFCEB}
	EndGlobalSection
EndGlobal
